
Microsoft Visual Studio Solution File, Format Version 12.00
# Visual Studio Version 17
VisualStudioVersion = 17.0.31903.59
MinimumVisualStudioVersion = 10.0.40219.1
Project("{2150E333-8FDC-42A3-9474-1A3956D46DE8}") = "tools", "tools", "{DB9EE125-67FF-4544-8211-EB9949874550}"
EndProject
Project("{FAE04EC0-301F-11D3-BF4B-00C04F79EFBC}") = "FlashOWare.Tool", "tools\FlashOWare.Tool\FlashOWare.Tool.csproj", "{DED02660-CCE9-4ECE-827B-A7177A21836B}"
EndProject
Global
	GlobalSection(SolutionConfigurationPlatforms) = preSolution
		Debug|Any CPU = Debug|Any CPU
		Release|Any CPU = Release|Any CPU
	EndGlobalSection
	GlobalSection(SolutionProperties) = preSolution
		HideSolutionNode = FALSE
	EndGlobalSection
	GlobalSection(ProjectConfigurationPlatforms) = postSolution
		{DED02660-CCE9-4ECE-827B-A7177A21836B}.Debug|Any CPU.ActiveCfg = Debug|Any CPU
		{DED02660-CCE9-4ECE-827B-A7177A21836B}.Debug|Any CPU.Build.0 = Debug|Any CPU
		{DED02660-CCE9-4ECE-827B-A7177A21836B}.Release|Any CPU.ActiveCfg = Release|Any CPU
		{DED02660-CCE9-4ECE-827B-A7177A21836B}.Release|Any CPU.Build.0 = Release|Any CPU
	EndGlobalSection
	GlobalSection(NestedProjects) = preSolution
		{DED02660-CCE9-4ECE-827B-A7177A21836B} = {DB9EE125-67FF-4544-8211-EB9949874550}
	EndGlobalSection
EndGlobal
