
Microsoft Visual Studio Solution File, Format Version 12.00
# Visual Studio Version 17
VisualStudioVersion = 17.0.31903.59
MinimumVisualStudioVersion = 10.0.40219.1
Project("{2150E333-8FDC-42A3-9474-1A3956D46DE8}") = "tools", "tools", "{4624F42C-A4E4-47DA-86EF-581A14203E1B}"
EndProject
Project("{9A19103F-16F7-4668-BE54-9A1E7A4F7556}") = "FlashOWare.Tool", "tools\FlashOWare.Tool\FlashOWare.Tool.csproj", "{610ACE4E-B3F6-4EEE-B585-5CB3032F121B}"
EndProject
Project("{2150E333-8FDC-42A3-9474-1A3956D46DE8}") = "libraries", "libraries", "{9F424A3E-8479-43F0-B6DA-908AF0266F91}"
EndProject
Project("{9A19103F-16F7-4668-BE54-9A1E7A4F7556}") = "FlashOWare.Tool.Cli", "libraries\FlashOWare.Tool.Cli\FlashOWare.Tool.Cli.csproj", "{1A93FE6B-2CAC-4F0B-83C0-EA17242FEEB6}"
EndProject
Project("{9A19103F-16F7-4668-BE54-9A1E7A4F7556}") = "FlashOWare.Tool.Core", "libraries\FlashOWare.Tool.Core\FlashOWare.Tool.Core.csproj", "{F4680467-0381-425A-8705-8290A1ED4BEB}"
EndProject
Project("{2150E333-8FDC-42A3-9474-1A3956D46DE8}") = "tests", "tests", "{0AD2FF6B-8579-4788-B5F0-9CCF924AB04B}"
EndProject
Project("{9A19103F-16F7-4668-BE54-9A1E7A4F7556}") = "FlashOWare.Tool.Cli.Tests", "tests\FlashOWare.Tool.Cli.Tests\FlashOWare.Tool.Cli.Tests.csproj", "{6742E7B6-F532-467E-9C6B-372821D4795B}"
EndProject
Project("{9A19103F-16F7-4668-BE54-9A1E7A4F7556}") = "FlashOWare.Tool.Core.Tests", "tests\FlashOWare.Tool.Core.Tests\FlashOWare.Tool.Core.Tests.csproj", "{0DF40A5B-DFBE-4ADE-8177-08C0B4043CFD}"
EndProject
Global
	GlobalSection(SolutionConfigurationPlatforms) = preSolution
		Debug|Any CPU = Debug|Any CPU
		Release|Any CPU = Release|Any CPU
	EndGlobalSection
	GlobalSection(ProjectConfigurationPlatforms) = postSolution
		{610ACE4E-B3F6-4EEE-B585-5CB3032F121B}.Debug|Any CPU.ActiveCfg = Debug|Any CPU
		{610ACE4E-B3F6-4EEE-B585-5CB3032F121B}.Debug|Any CPU.Build.0 = Debug|Any CPU
		{610ACE4E-B3F6-4EEE-B585-5CB3032F121B}.Release|Any CPU.ActiveCfg = Release|Any CPU
		{610ACE4E-B3F6-4EEE-B585-5CB3032F121B}.Release|Any CPU.Build.0 = Release|Any CPU
		{1A93FE6B-2CAC-4F0B-83C0-EA17242FEEB6}.Debug|Any CPU.ActiveCfg = Debug|Any CPU
		{1A93FE6B-2CAC-4F0B-83C0-EA17242FEEB6}.Debug|Any CPU.Build.0 = Debug|Any CPU
		{1A93FE6B-2CAC-4F0B-83C0-EA17242FEEB6}.Release|Any CPU.ActiveCfg = Release|Any CPU
		{1A93FE6B-2CAC-4F0B-83C0-EA17242FEEB6}.Release|Any CPU.Build.0 = Release|Any CPU
		{F4680467-0381-425A-8705-8290A1ED4BEB}.Debug|Any CPU.ActiveCfg = Debug|Any CPU
		{F4680467-0381-425A-8705-8290A1ED4BEB}.Debug|Any CPU.Build.0 = Debug|Any CPU
		{F4680467-0381-425A-8705-8290A1ED4BEB}.Release|Any CPU.ActiveCfg = Release|Any CPU
		{F4680467-0381-425A-8705-8290A1ED4BEB}.Release|Any CPU.Build.0 = Release|Any CPU
		{6742E7B6-F532-467E-9C6B-372821D4795B}.Debug|Any CPU.ActiveCfg = Debug|Any CPU
		{6742E7B6-F532-467E-9C6B-372821D4795B}.Debug|Any CPU.Build.0 = Debug|Any CPU
		{6742E7B6-F532-467E-9C6B-372821D4795B}.Release|Any CPU.ActiveCfg = Release|Any CPU
		{6742E7B6-F532-467E-9C6B-372821D4795B}.Release|Any CPU.Build.0 = Release|Any CPU
		{0DF40A5B-DFBE-4ADE-8177-08C0B4043CFD}.Debug|Any CPU.ActiveCfg = Debug|Any CPU
		{0DF40A5B-DFBE-4ADE-8177-08C0B4043CFD}.Debug|Any CPU.Build.0 = Debug|Any CPU
		{0DF40A5B-DFBE-4ADE-8177-08C0B4043CFD}.Release|Any CPU.ActiveCfg = Release|Any CPU
		{0DF40A5B-DFBE-4ADE-8177-08C0B4043CFD}.Release|Any CPU.Build.0 = Release|Any CPU
	EndGlobalSection
	GlobalSection(SolutionProperties) = preSolution
		HideSolutionNode = FALSE
	EndGlobalSection
	GlobalSection(NestedProjects) = preSolution
		{610ACE4E-B3F6-4EEE-B585-5CB3032F121B} = {4624F42C-A4E4-47DA-86EF-581A14203E1B}
		{1A93FE6B-2CAC-4F0B-83C0-EA17242FEEB6} = {9F424A3E-8479-43F0-B6DA-908AF0266F91}
		{F4680467-0381-425A-8705-8290A1ED4BEB} = {9F424A3E-8479-43F0-B6DA-908AF0266F91}
		{6742E7B6-F532-467E-9C6B-372821D4795B} = {0AD2FF6B-8579-4788-B5F0-9CCF924AB04B}
		{0DF40A5B-DFBE-4ADE-8177-08C0B4043CFD} = {0AD2FF6B-8579-4788-B5F0-9CCF924AB04B}
	EndGlobalSection
	GlobalSection(ExtensibilityGlobals) = postSolution
		SolutionGuid = {6A756353-C210-4028-890D-BB9F94D9049B}
	EndGlobalSection
EndGlobal
